{
  "version": 4,
  "terraform_version": "1.2.3",
  "serial": 1,
  "lineage": "6279549e-962d-dc2e-45ef-5fd4af7e88bb",
  "outputs": {},
  "resources": [
    {
      "mode": "managed",
      "type": "hcp_hvn",
      "name": "example",
      "provider": "provider[\"registry.terraform.io/hashicorp/hcp\"]",
      "instances": [
        {
          "schema_version": 0,
          "attributes": {
            "cidr_block": "172.25.16.0/20",
            "cloud_provider": "aws",
            "created_at": "2022-07-20T14:37:00.000Z",
            "hvn_id": "main-hvn-test",
            "id": "/project/eda7c226-acb1-4fe1-a8e8-5a70129f353a/hashicorp.network.hvn/main-hvn-test",
            "organization_id": "8a33f35f-7c98-459c-a969-76bbf7a30caa",
            "project_id": "eda7c226-acb1-4fe1-a8e8-5a70129f353a",
            "provider_account_id": "549725920980",
            "region": "us-west-2",
            "self_link": "/project/eda7c226-acb1-4fe1-a8e8-5a70129f353a/hashicorp.network.hvn/main-hvn-test",
            "state": "STABLE",
            "timeouts": null
          },
          "sensitive_attributes": [],
          "private": "eyJlMmJmYjczMC1lY2FhLTExZTYtOGY4OC0zNDM2M2JjN2M0YzAiOnsiY3JlYXRlIjo2MDAwMDAwMDAwMDAsImRlZmF1bHQiOjYwMDAwMDAwMDAwLCJkZWxldGUiOjYwMDAwMDAwMDAwMCwicmVhZCI6NjAwMDAwMDAwMDAsInVwZGF0ZSI6NjAwMDAwMDAwMDB9fQ=="
        }
      ]
    }
  ]
}
